{
  "nodes": {
    "ags": {
      "inputs": {
        "astal": "astal",
        "gnim": "gnim",
        "nixpkgs": [
          "nixpkgs"
        ]
      },
      "locked": {
        "lastModified": 1751476128,
        "narHash": "sha256-5+c37d6F44xDMUSWLqLQJ8Qx3z9GSyUuSfP/hGmY8lA=",
        "owner": "aylur",
        "repo": "ags",
        "rev": "27407f19a15410b527f26fef044cf194484380ea",
        "type": "github"
      },
      "original": {
        "owner": "aylur",
        "repo": "ags",
        "type": "github"
      }
    },
    "astal": {
      "inputs": {
        "nixpkgs": [
          "ags",
          "nixpkgs"
        ]
      },
      "locked": {
        "lastModified": 1751126708,
        "narHash": "sha256-AodIKw7TmI7rHVcOfEsO82stupMYIMVQeLAUQfVxnkU=",
        "owner": "aylur",
        "repo": "astal",
        "rev": "ac90f09385a2295da9fdc108aaba4a317aaeacc7",
        "type": "github"
      },
      "original": {
        "owner": "aylur",
        "repo": "astal",
        "type": "github"
      }
    },
    "astal_2": {
      "inputs": {
        "nixpkgs": [
          "nixpkgs"
        ]
      },
      "locked": {
        "lastModified": 1751126708,
        "narHash": "sha256-AodIKw7TmI7rHVcOfEsO82stupMYIMVQeLAUQfVxnkU=",
        "owner": "aylur",
        "repo": "astal",
        "rev": "ac90f09385a2295da9fdc108aaba4a317aaeacc7",
        "type": "github"
      },
      "original": {
        "owner": "aylur",
        "repo": "astal",
        "type": "github"
      }
    },
    "flake-utils": {
      "inputs": {
        "systems": "systems"
      },
      "locked": {
        "lastModified": 1731533236,
        "narHash": "sha256-l0KFg5HjrsfsO/JpG+r7fRrqm12kzFHyUHqHCVpMMbI=",
        "owner": "numtide",
        "repo": "flake-utils",
        "rev": "11707dc2f618dd54ca8739b309ec4fc024de578b",
        "type": "github"
      },
      "original": {
        "owner": "numtide",
        "repo": "flake-utils",
        "type": "github"
      }
    },
    "flake-utils_2": {
      "inputs": {
        "systems": "systems_2"
      },
      "locked": {
        "lastModified": 1731533236,
        "narHash": "sha256-l0KFg5HjrsfsO/JpG+r7fRrqm12kzFHyUHqHCVpMMbI=",
        "owner": "numtide",
        "repo": "flake-utils",
        "rev": "11707dc2f618dd54ca8739b309ec4fc024de578b",
        "type": "github"
      },
      "original": {
        "owner": "numtide",
        "repo": "flake-utils",
        "type": "github"
      }
    },
    "gnim": {
      "flake": false,
      "locked": {
        "lastModified": 1751120710,
        "narHash": "sha256-sT1ILM8m1QG8CeMmqLHhW/8T/MzUq3JL9jO3V7FMa4w=",
        "owner": "aylur",
        "repo": "gnim",
        "rev": "5d2b734be452e2819f3a7313dbb34fa43c23e5d9",
        "type": "github"
      },
      "original": {
        "owner": "aylur",
        "repo": "gnim",
        "type": "github"
      }
    },
    "home-manager": {
      "inputs": {
        "nixpkgs": [
          "nixpkgs"
        ]
      },
      "locked": {
        "lastModified": 1751468302,
        "narHash": "sha256-tWosziZTT039x6PgEZUhzGlV8oLvdDmIgKTE8ESMaEA=",
        "owner": "nix-community",
        "repo": "home-manager",
        "rev": "501cfec8277f931a9c9af9f23d3105c537faeafe",
        "type": "github"
      },
      "original": {
        "owner": "nix-community",
        "ref": "release-25.05",
        "repo": "home-manager",
        "type": "github"
      }
    },
    "home-manager_2": {
      "inputs": {
        "nixpkgs": [
          "hyprpanel",
          "nixpkgs"
        ]
      },
      "locked": {
        "lastModified": 1750798083,
        "narHash": "sha256-DTCCcp6WCFaYXWKFRA6fiI2zlvOLCf5Vwx8+/0R8Wc4=",
        "owner": "nix-community",
        "repo": "home-manager",
        "rev": "ff31a4677c1a8ae506aa7e003a3dba08cb203f82",
        "type": "github"
      },
      "original": {
        "owner": "nix-community",
        "repo": "home-manager",
        "type": "github"
      }
    },
    "hyprpanel": {
      "inputs": {
        "flake-utils": "flake-utils",
        "home-manager": "home-manager_2",
        "nixpkgs": [
          "nixpkgs"
        ]
      },
      "locked": {
        "lastModified": 1751447790,
        "narHash": "sha256-IWvibnhM4QsNxemxmhx8ElctxizxxuF2APgRAtrJco4=",
        "owner": "Jas-SinghFSU",
        "repo": "HyprPanel",
        "rev": "346294fc19d37dee23f316ec113d186cbbc1675b",
        "type": "github"
      },
      "original": {
        "owner": "Jas-SinghFSU",
        "repo": "HyprPanel",
        "type": "github"
      }
    },
    "nixpkgs": {
      "locked": {
        "lastModified": 1751211869,
        "narHash": "sha256-1Cu92i1KSPbhPCKxoiVG5qnoRiKTgR5CcGSRyLpOd7Y=",
        "owner": "nixos",
        "repo": "nixpkgs",
        "rev": "b43c397f6c213918d6cfe6e3550abfe79b5d1c51",
        "type": "github"
      },
      "original": {
        "owner": "nixos",
        "ref": "nixos-25.05",
        "repo": "nixpkgs",
        "type": "github"
      }
    },
    "nixpkgs_2": {
      "locked": {
        "lastModified": 1747542820,
        "narHash": "sha256-GaOZntlJ6gPPbbkTLjbd8BMWaDYafhuuYRNrxCGnPJw=",
        "owner": "NixOS",
        "repo": "nixpkgs",
        "rev": "292fa7d4f6519c074f0a50394dbbe69859bb6043",
        "type": "github"
      },
      "original": {
        "owner": "NixOS",
        "ref": "nixos-unstable",
        "repo": "nixpkgs",
        "type": "github"
      }
    },
    "ollama-tui": {
      "inputs": {
        "flake-utils": "flake-utils_2",
        "nixpkgs": [
          "nixpkgs"
        ],
        "rust-overlay": "rust-overlay"
      },
      "locked": {
        "lastModified": 1751484873,
        "narHash": "sha256-aH9acyUwOcWDuJGy/82Fk7qb96i5WMfG5/JyDAhLhq4=",
        "owner": "kpanuragh",
        "repo": "ollama-tui",
        "rev": "61a54dce92eff4aeb2d6f63a51da88fe9c02e080",
        "type": "github"
      },
      "original": {
        "owner": "kpanuragh",
        "repo": "ollama-tui",
        "type": "github"
      }
    },
    "root": {
      "inputs": {
        "ags": "ags",
        "astal": "astal_2",
        "home-manager": "home-manager",
        "hyprpanel": "hyprpanel",
        "nixpkgs": "nixpkgs",
        "ollama-tui": "ollama-tui",
        "walker": "walker"
      }
    },
    "rust-overlay": {
      "inputs": {
        "nixpkgs": [
          "ollama-tui",
          "nixpkgs"
        ]
      },
      "locked": {
        "lastModified": 1751423951,
        "narHash": "sha256-AowKhJGplXRkAngSvb+32598DTiI6LOzhAnzgvbCtYM=",
        "owner": "oxalica",
        "repo": "rust-overlay",
        "rev": "1684ed5b15859b655caf41b467d046e29a994d04",
        "type": "github"
      },
      "original": {
        "owner": "oxalica",
        "repo": "rust-overlay",
        "type": "github"
      }
    },
    "systems": {
      "locked": {
        "lastModified": 1681028828,
        "narHash": "sha256-Vy1rq5AaRuLzOxct8nz4T6wlgyUR7zLU309k9mBC768=",
        "owner": "nix-systems",
        "repo": "default",
        "rev": "da67096a3b9bf56a91d16901293e51ba5b49a27e",
        "type": "github"
      },
      "original": {
        "owner": "nix-systems",
        "repo": "default",
        "type": "github"
      }
    },
    "systems_2": {
      "locked": {
        "lastModified": 1681028828,
        "narHash": "sha256-Vy1rq5AaRuLzOxct8nz4T6wlgyUR7zLU309k9mBC768=",
        "owner": "nix-systems",
        "repo": "default",
        "rev": "da67096a3b9bf56a91d16901293e51ba5b49a27e",
        "type": "github"
      },
      "original": {
        "owner": "nix-systems",
        "repo": "default",
        "type": "github"
      }
    },
    "systems_3": {
      "locked": {
        "lastModified": 1689347949,
        "narHash": "sha256-12tWmuL2zgBgZkdoB6qXZsgJEH9LR3oUgpaQq2RbI80=",
        "owner": "nix-systems",
        "repo": "default-linux",
        "rev": "31732fcf5e8fea42e59c2488ad31a0e651500f68",
        "type": "github"
      },
      "original": {
        "owner": "nix-systems",
        "repo": "default-linux",
        "type": "github"
      }
    },
    "walker": {
      "inputs": {
        "nixpkgs": "nixpkgs_2",
        "systems": "systems_3"
      },
      "locked": {
        "lastModified": 1751473448,
        "narHash": "sha256-i78xwvosDPD1f8iuJJz7XMk9ipaDf19ZzSIZiLNEKDE=",
        "owner": "abenz1267",
        "repo": "walker",
        "rev": "ef13809cedd30d23579e4d8186929b412ec08d47",
        "type": "github"
      },
      "original": {
        "owner": "abenz1267",
        "repo": "walker",
        "type": "github"
      }
    }
  },
  "root": "root",
  "version": 7
}
